
Microsoft Visual Studio Solution File, Format Version 12.00
# Visual Studio Version 17
VisualStudioVersion = 17.4.33110.190
MinimumVisualStudioVersion = 10.0.40219.1
Project("{FAE04EC0-301F-11D3-BF4B-00C04F79EFBC}") = "01_IngilizceTurkceKelimeOyunu", "01_IngilizceTurkceKelimeOyunu\01_IngilizceTurkceKelimeOyunu.csproj", "{01B3F09A-7358-4ECF-BBD7-34A2BB4DEDA3}"
EndProject
Global
	GlobalSection(SolutionConfigurationPlatforms) = preSolution
		Debug|Any CPU = Debug|Any CPU
		Release|Any CPU = Release|Any CPU
	EndGlobalSection
	GlobalSection(ProjectConfigurationPlatforms) = postSolution
		{01B3F09A-7358-4ECF-BBD7-34A2BB4DEDA3}.Debug|Any CPU.ActiveCfg = Debug|Any CPU
		{01B3F09A-7358-4ECF-BBD7-34A2BB4DEDA3}.Debug|Any CPU.Build.0 = Debug|Any CPU
		{01B3F09A-7358-4ECF-BBD7-34A2BB4DEDA3}.Release|Any CPU.ActiveCfg = Release|Any CPU
		{01B3F09A-7358-4ECF-BBD7-34A2BB4DEDA3}.Release|Any CPU.Build.0 = Release|Any CPU
	EndGlobalSection
	GlobalSection(SolutionProperties) = preSolution
		HideSolutionNode = FALSE
	EndGlobalSection
	GlobalSection(ExtensibilityGlobals) = postSolution
		SolutionGuid = {2A1843F8-CD9D-4C4B-B06A-39CA542E506A}
	EndGlobalSection
EndGlobal
